
Microsoft Visual Studio Solution File, Format Version 12.00
# Visual Studio 15
VisualStudioVersion = 15.0.27703.2035
MinimumVisualStudioVersion = 10.0.40219.1
Project("{FAE04EC0-301F-11D3-BF4B-00C04F79EFBC}") = "F3R4L.DevPack.Core", "F3R4L.DevPack.Core\F3R4L.DevPack.Core.csproj", "{996463DF-C426-464F-888E-18F3737AFCDF}"
EndProject
Global
	GlobalSection(SolutionConfigurationPlatforms) = preSolution
		Debug|Any CPU = Debug|Any CPU
		Release|Any CPU = Release|Any CPU
	EndGlobalSection
	GlobalSection(ProjectConfigurationPlatforms) = postSolution
		{996463DF-C426-464F-888E-18F3737AFCDF}.Debug|Any CPU.ActiveCfg = Debug|Any CPU
		{996463DF-C426-464F-888E-18F3737AFCDF}.Debug|Any CPU.Build.0 = Debug|Any CPU
		{996463DF-C426-464F-888E-18F3737AFCDF}.Release|Any CPU.ActiveCfg = Release|Any CPU
		{996463DF-C426-464F-888E-18F3737AFCDF}.Release|Any CPU.Build.0 = Release|Any CPU
	EndGlobalSection
	GlobalSection(SolutionProperties) = preSolution
		HideSolutionNode = FALSE
	EndGlobalSection
	GlobalSection(ExtensibilityGlobals) = postSolution
		SolutionGuid = {605A3253-78F1-48A6-B147-FC9F46A142EE}
	EndGlobalSection
EndGlobal
