
Microsoft Visual Studio Solution File, Format Version 12.00
# Visual Studio Version 16
VisualStudioVersion = 16.0.29613.14
MinimumVisualStudioVersion = 10.0.40219.1
Project("{9A19103F-16F7-4668-BE54-9A1E7A4F7556}") = "F3R4L.DevPack.Api", "F3R4L.DevPack.Api\F3R4L.DevPack.Api.csproj", "{1928FC18-04BE-4DEE-AA75-997D545E5961}"
EndProject
Project("{9A19103F-16F7-4668-BE54-9A1E7A4F7556}") = "F3R4L.DevPack.Api.Tests", "F3R4L.DevPack.Api.Tests\F3R4L.DevPack.Api.Tests.csproj", "{799953D1-DE45-4B15-B2EA-13BB21A97647}"
EndProject
Project("{9A19103F-16F7-4668-BE54-9A1E7A4F7556}") = "F3R4L.DevPack.ESI", "F3R4L.DevPack.ESI\F3R4L.DevPack.ESI.csproj", "{304FB2A5-D59E-46D8-B64A-03027BB503C3}"
EndProject
Project("{9A19103F-16F7-4668-BE54-9A1E7A4F7556}") = "F3R4L.DevPack.ESI.Tests", "F3R4L.DevPack.ESI.Tests\F3R4L.DevPack.ESI.Tests.csproj", "{BC0EFF4B-9116-42A2-9FFB-B7874665435C}"
EndProject
Project("{FAE04EC0-301F-11D3-BF4B-00C04F79EFBC}") = "F3R4L.DevPack.SSO", "F3R4L.DevPack.SSO\F3R4L.DevPack.SSO.csproj", "{DF8B56D8-9C8D-4AD9-A97D-02708992B92D}"
EndProject
Global
	GlobalSection(SolutionConfigurationPlatforms) = preSolution
		Debug|Any CPU = Debug|Any CPU
		Release|Any CPU = Release|Any CPU
	EndGlobalSection
	GlobalSection(ProjectConfigurationPlatforms) = postSolution
		{1928FC18-04BE-4DEE-AA75-997D545E5961}.Debug|Any CPU.ActiveCfg = Debug|Any CPU
		{1928FC18-04BE-4DEE-AA75-997D545E5961}.Debug|Any CPU.Build.0 = Debug|Any CPU
		{1928FC18-04BE-4DEE-AA75-997D545E5961}.Release|Any CPU.ActiveCfg = Release|Any CPU
		{1928FC18-04BE-4DEE-AA75-997D545E5961}.Release|Any CPU.Build.0 = Release|Any CPU
		{799953D1-DE45-4B15-B2EA-13BB21A97647}.Debug|Any CPU.ActiveCfg = Debug|Any CPU
		{799953D1-DE45-4B15-B2EA-13BB21A97647}.Debug|Any CPU.Build.0 = Debug|Any CPU
		{799953D1-DE45-4B15-B2EA-13BB21A97647}.Release|Any CPU.ActiveCfg = Release|Any CPU
		{799953D1-DE45-4B15-B2EA-13BB21A97647}.Release|Any CPU.Build.0 = Release|Any CPU
		{304FB2A5-D59E-46D8-B64A-03027BB503C3}.Debug|Any CPU.ActiveCfg = Debug|Any CPU
		{304FB2A5-D59E-46D8-B64A-03027BB503C3}.Debug|Any CPU.Build.0 = Debug|Any CPU
		{304FB2A5-D59E-46D8-B64A-03027BB503C3}.Release|Any CPU.ActiveCfg = Release|Any CPU
		{304FB2A5-D59E-46D8-B64A-03027BB503C3}.Release|Any CPU.Build.0 = Release|Any CPU
		{BC0EFF4B-9116-42A2-9FFB-B7874665435C}.Debug|Any CPU.ActiveCfg = Debug|Any CPU
		{BC0EFF4B-9116-42A2-9FFB-B7874665435C}.Debug|Any CPU.Build.0 = Debug|Any CPU
		{BC0EFF4B-9116-42A2-9FFB-B7874665435C}.Release|Any CPU.ActiveCfg = Release|Any CPU
		{BC0EFF4B-9116-42A2-9FFB-B7874665435C}.Release|Any CPU.Build.0 = Release|Any CPU
		{DF8B56D8-9C8D-4AD9-A97D-02708992B92D}.Debug|Any CPU.ActiveCfg = Debug|Any CPU
		{DF8B56D8-9C8D-4AD9-A97D-02708992B92D}.Debug|Any CPU.Build.0 = Debug|Any CPU
		{DF8B56D8-9C8D-4AD9-A97D-02708992B92D}.Release|Any CPU.ActiveCfg = Release|Any CPU
		{DF8B56D8-9C8D-4AD9-A97D-02708992B92D}.Release|Any CPU.Build.0 = Release|Any CPU
	EndGlobalSection
	GlobalSection(SolutionProperties) = preSolution
		HideSolutionNode = FALSE
	EndGlobalSection
	GlobalSection(ExtensibilityGlobals) = postSolution
		SolutionGuid = {605A3253-78F1-48A6-B147-FC9F46A142EE}
	EndGlobalSection
EndGlobal
